# This file was autogenerated by Stack.
# You should not edit this file by hand.
# For more information, please see the documentation at:
#   https://docs.haskellstack.org/en/stable/lock_files

packages:
- completed:
    hackage: GPipe-2.2.5@sha256:dbd0a8d17a846e8384cd88fdf940c35153a531c987ceb00835d0dca6a4788ac5,2796
    pantry-tree:
      size: 2308
      sha256: 6a8f17bc60a6c6635a1605de2b2915b192b92adf57f83d29aec2355771c4373c
  original:
    hackage: GPipe-2.2.5@sha256:dbd0a8d17a846e8384cd88fdf940c35153a531c987ceb00835d0dca6a4788ac5,2796
- completed:
    hackage: GPipe-GLFW-1.4.1.4@sha256:66e56b598856a016129ed05dff056bdf589815eac27ff06355cf7a71e98c19de,1999
    pantry-tree:
      size: 1018
      sha256: c10567ca08c21780fcf009aac73318f8770f99790c502a9fe68a748b934c157f
  original:
    hackage: GPipe-GLFW-1.4.1.4@sha256:66e56b598856a016129ed05dff056bdf589815eac27ff06355cf7a71e98c19de,1999
snapshots:
- completed:
    size: 586286
    url: https://raw.githubusercontent.com/commercialhaskell/stackage-snapshots/master/lts/18/15.yaml
    sha256: 2c9cb11d7aa0656bf28672dcb2414ab21e3ba9ea83ca170c216b2c2fc7e55856
  original:
    url: https://raw.githubusercontent.com/commercialhaskell/stackage-snapshots/master/lts/18/15.yaml
